
Microsoft Visual Studio Solution File, Format Version 12.00
# Visual Studio Version 16
VisualStudioVersion = 16.0.31911.196
MinimumVisualStudioVersion = 10.0.40219.1
Project("{FAE04EC0-301F-11D3-BF4B-00C04F79EFBC}") = "mvcwebsitesi", "mvcwebsitesi\mvcwebsitesi.csproj", "{B08D92BE-6566-49A3-B1DF-F207F39BDD46}"
EndProject
Global
	GlobalSection(SolutionConfigurationPlatforms) = preSolution
		Debug|Any CPU = Debug|Any CPU
		Release|Any CPU = Release|Any CPU
	EndGlobalSection
	GlobalSection(ProjectConfigurationPlatforms) = postSolution
		{B08D92BE-6566-49A3-B1DF-F207F39BDD46}.Debug|Any CPU.ActiveCfg = Debug|Any CPU
		{B08D92BE-6566-49A3-B1DF-F207F39BDD46}.Debug|Any CPU.Build.0 = Debug|Any CPU
		{B08D92BE-6566-49A3-B1DF-F207F39BDD46}.Release|Any CPU.ActiveCfg = Release|Any CPU
		{B08D92BE-6566-49A3-B1DF-F207F39BDD46}.Release|Any CPU.Build.0 = Release|Any CPU
	EndGlobalSection
	GlobalSection(SolutionProperties) = preSolution
		HideSolutionNode = FALSE
	EndGlobalSection
	GlobalSection(ExtensibilityGlobals) = postSolution
		SolutionGuid = {4FCFA0CF-1DDC-41B0-AB35-1164F9140FE8}
	EndGlobalSection
EndGlobal
